<Solution>
  <Folder Name="/src/">
    <Project Path="src/OpenSkiTime.Rewrite.Domain/OpenSkiTime.Rewrite.Domain.csproj" />
    <Project Path="src/OpenSkiTime.Rewrite.Timing/OpenSkiTime.Rewrite.Timing.csproj" />
    <Project Path="src/OpenSkiTime.Rewrite.Devices/OpenSkiTime.Rewrite.Devices.csproj" />
    <Project Path="src/OpenSkiTime.TimyUsbHost/OpenSkiTime.TimyUsbHost.csproj" />
    <Project Path="src/OpenSkiTime.Rewrite.Application/OpenSkiTime.Rewrite.Application.csproj" />
    <Project Path="src/OpenSkiTime.Rewrite.Persistence/OpenSkiTime.Rewrite.Persistence.csproj" />
    <Project Path="src/OpenSkiTime.Rewrite.Desktop/OpenSkiTime.Rewrite.Desktop.csproj" />
  </Folder>
  <Folder Name="/tests/">
    <Project Path="tests/OpenSkiTime.Rewrite.Desktop.Tests/OpenSkiTime.Rewrite.Desktop.Tests.csproj" />
    <Project Path="tests/OpenSkiTime.Rewrite.Tests/OpenSkiTime.Rewrite.Tests.csproj" />
  </Folder>
</Solution>
